
Microsoft Visual Studio Solution File, Format Version 12.00
# Visual Studio 2012
Project("{FAE04EC0-301F-11D3-BF4B-00C04F79EFBC}") = "Phoneword_iOS", "Phoneword_iOS\Phoneword_iOS.csproj", "{14295165-12C8-41FD-B5E9-8982FE535208}"
EndProject
Global
	GlobalSection(SolutionConfigurationPlatforms) = preSolution
		Debug|iPhoneSimulator = Debug|iPhoneSimulator
		Release|iPhone = Release|iPhone
		Release|iPhoneSimulator = Release|iPhoneSimulator
		Debug|iPhone = Debug|iPhone
	EndGlobalSection
	GlobalSection(ProjectConfigurationPlatforms) = postSolution
		{14295165-12C8-41FD-B5E9-8982FE535208}.Debug|iPhoneSimulator.ActiveCfg = Debug|iPhoneSimulator
		{14295165-12C8-41FD-B5E9-8982FE535208}.Debug|iPhoneSimulator.Build.0 = Debug|iPhoneSimulator
		{14295165-12C8-41FD-B5E9-8982FE535208}.Release|iPhone.ActiveCfg = Release|iPhone
		{14295165-12C8-41FD-B5E9-8982FE535208}.Release|iPhone.Build.0 = Release|iPhone
		{14295165-12C8-41FD-B5E9-8982FE535208}.Release|iPhoneSimulator.ActiveCfg = Release|iPhoneSimulator
		{14295165-12C8-41FD-B5E9-8982FE535208}.Release|iPhoneSimulator.Build.0 = Release|iPhoneSimulator
		{14295165-12C8-41FD-B5E9-8982FE535208}.Debug|iPhone.ActiveCfg = Debug|iPhone
		{14295165-12C8-41FD-B5E9-8982FE535208}.Debug|iPhone.Build.0 = Debug|iPhone
	EndGlobalSection
EndGlobal
